{
  "lockfileVersion": 1,
  "configVersion": 1,
  "workspaces": {
    "": {
      "name": "personal",
      "devDependencies": {
        "@types/bun": "^1.4.0",
        "@types/html-minifier-terser": "^7.0.2",
        "happy-dom": "^20.13.1",
        "html-minifier-terser": "^7.2.0",
        "prettier": "^3.9.6",
        "sass": "^1.103.1",
        "sharp": "^0.35.4",
        "subset-font": "^2.7.0",
        "typescript": "7",
      },
      "optionalDependencies": {
        "@img/sharp-linux-x64": "^0.35.4",
      },
    },
  },
  "packages": {
    "@emnapi/runtime": ["@emnapi/runtime@1.11.3", "", { "dependencies": { "tslib": "^2.4.0" } }, "sha512-Xz4Tpyki7XyrpbUK1jR1AhdAdaXyhhY4lZ3neLodmhpuWfy2PAQN5B46sAiU4liOXGLkHypn/qU+jvfWSCYYLA=="],

    "@img/colour": ["@img/colour@1.1.0", "", {}, "sha512-Td76q7j57o/tLVdgS746cYARfSyxk8iEfRxewL9h4OMzYhbW4TAcppl0mT4eyqXddh6L/jwoM75mo7ixa/pCeQ=="],

    "@img/sharp-darwin-arm64": ["@img/sharp-darwin-arm64@0.35.4", "", { "optionalDependencies": { "@img/sharp-libvips-darwin-arm64": "1.3.3" }, "os": "darwin", "cpu": "arm64" }, "sha512-Uhfl4V4lhP2nbUVF9+hyH1+luj86f1gUFeo8ALYxFoULoU+G87D43BfeMP8XHsk9boxAnCY/bf2EHwhA7MuGsA=="],

    "@img/sharp-darwin-x64": ["@img/sharp-darwin-x64@0.35.4", "", { "optionalDependencies": { "@img/sharp-libvips-darwin-x64": "1.3.3" }, "os": "darwin", "cpu": "x64" }, "sha512-hWniXY3bG5qKpkKrAwPe4y+VTPmf086YQAnkxWh7uA1YrlRouWGa0M0Mxj3ZjnXFkv7/TD1bTy9lGUK26vRvWw=="],

    "@img/sharp-freebsd-wasm32": ["@img/sharp-freebsd-wasm32@0.35.4", "", { "dependencies": { "@img/sharp-wasm32": "0.35.4" }, "os": "freebsd" }, "sha512-lIsKw/BU+kjB4eZjxrYrZmwOJYi3Ajrv66iAlBmUPyKc3HpnloevB1g3wxGD9P/5BbQ1brBGl65VRRrCvQDEqA=="],

    "@img/sharp-libvips-darwin-arm64": ["@img/sharp-libvips-darwin-arm64@1.3.3", "", { "os": "darwin", "cpu": "arm64" }, "sha512-suTBPTDGrI9WodccaDdwZItTSaBYASlBk1NSfElSHrUfzu3szG6lvIF58+WiFvnfzuK8ZBFS5zE00PxqxnRiPg=="],

    "@img/sharp-libvips-darwin-x64": ["@img/sharp-libvips-darwin-x64@1.3.3", "", { "os": "darwin", "cpu": "x64" }, "sha512-FVJZ5mITMobmXIz/hPDTw0EintTW5H3WfrxwLqEqjiIihlu+hVRyGrFQ60xl0Lxn7Bt3zdpevPaQi0HEzqz9fw=="],

    "@img/sharp-libvips-linux-arm": ["@img/sharp-libvips-linux-arm@1.3.3", "", { "os": "linux", "cpu": "arm" }, "sha512-3rbU4vqXXc3hY/OiXdl52xZvT0F1yEngWfvqudtPJg/KkyiaQw2DRsFrNzpmLvfavbwOq3qXn36GP8obHRULQA=="],

    "@img/sharp-libvips-linux-arm64": ["@img/sharp-libvips-linux-arm64@1.3.3", "", { "os": "linux", "cpu": "arm64" }, "sha512-0DaL0A6Xu6sQSQFwe4iVCrKWU2cCTItnRsYsCdxAMm9NF6twAA9BKnoqy4hqz4+azQ0JHuA26qiUKsf1XJ/v5A=="],

    "@img/sharp-libvips-linux-ppc64": ["@img/sharp-libvips-linux-ppc64@1.3.3", "", { "os": "linux", "cpu": "ppc64" }, "sha512-cdn1OvUBwsXhbC0zSzJnNzf5MZ/mTrobawDvNXBTxe8VtqKAm0sRuEY2Evzovb/w9JMk4TvRxqt1mekSuJz64w=="],

    "@img/sharp-libvips-linux-riscv64": ["@img/sharp-libvips-linux-riscv64@1.3.3", "", { "os": "linux", "cpu": "none" }, "sha512-HjPVx7yKz+0lqdhDlTw1tt90wamBoxhiXpvl1XZpJLiHH4RCJ5yDTqH+VlYPv2fwFs89JFw4c1IexYOcQUi4IQ=="],

    "@img/sharp-libvips-linux-s390x": ["@img/sharp-libvips-linux-s390x@1.3.3", "", { "os": "linux", "cpu": "s390x" }, "sha512-neWLh+3yCNThxnfy3c4BbVBeGgt9aftno+XbT56iK28RgeDs3UOFWviLWlUu0bArYVYJaFDK+RRohbicUNCm8Q=="],

    "@img/sharp-libvips-linux-x64": ["@img/sharp-libvips-linux-x64@1.3.3", "", { "os": "linux", "cpu": "x64" }, "sha512-4vKmvAst9nrowcqquKFAyZJUDolUaIp8uRiN0mWFguJ1IplC9/pitXtlnnlU4aa/eJw3J7i67V+pwUL+wZGdsA=="],

    "@img/sharp-libvips-linuxmusl-arm64": ["@img/sharp-libvips-linuxmusl-arm64@1.3.3", "", { "os": "linux", "cpu": "arm64" }, "sha512-Y9kQaLMuNoB0bPYOOdcZMaseNrFpPodIWWMrx+CZyydf2xn68j9WYc6sWWRrDwNkzCQjKYfc68L7jKjGlHMibw=="],

    "@img/sharp-libvips-linuxmusl-x64": ["@img/sharp-libvips-linuxmusl-x64@1.3.3", "", { "os": "linux", "cpu": "x64" }, "sha512-fj8Mv0HHfD1Rr+4I68+3agJynxDWtBFgicTbSOb9Bke6pIwzGcJ+RX/yHjmiEGFMCavY/dxvem7MyNaJF+wDiw=="],

    "@img/sharp-linux-arm": ["@img/sharp-linux-arm@0.35.4", "", { "optionalDependencies": { "@img/sharp-libvips-linux-arm": "1.3.3" }, "os": "linux", "cpu": "arm" }, "sha512-7OAS8gI0EReKGVN2HssHlM6umJgxF5VI3xN0p9FA91p/YO+ou5hiNghLdZ5BEHztwaaK5+bLKRf8x/o2L2nk9A=="],

    "@img/sharp-linux-arm64": ["@img/sharp-linux-arm64@0.35.4", "", { "optionalDependencies": { "@img/sharp-libvips-linux-arm64": "1.3.3" }, "os": "linux", "cpu": "arm64" }, "sha512-De4jpEnAU8Hd5oT0j1G3uL4ZvTuipVMn7YC6vPaJhy6/7EwEae0SVAoBrUMYQbkLGDm85taVWwuPc1a44LTzCQ=="],

    "@img/sharp-linux-ppc64": ["@img/sharp-linux-ppc64@0.35.4", "", { "optionalDependencies": { "@img/sharp-libvips-linux-ppc64": "1.3.3" }, "os": "linux", "cpu": "ppc64" }, "sha512-2oYZJeIl4kCcMGk4ouZVjnkCtFrpQFlNEtJ6GbxzhHQchwH0NH/qEb9ykmOl29dqwMq+JhFdZn+1ak2FKhI9fQ=="],

    "@img/sharp-linux-riscv64": ["@img/sharp-linux-riscv64@0.35.4", "", { "optionalDependencies": { "@img/sharp-libvips-linux-riscv64": "1.3.3" }, "os": "linux", "cpu": "none" }, "sha512-cPbNChoRURAWdebDIHSenxRpgEdy7JkPydSnUxRm9VvKD7m0/xVaR/8Fzlu81pk5nHEvHH87UZUA7cTtwnbJSA=="],

    "@img/sharp-linux-s390x": ["@img/sharp-linux-s390x@0.35.4", "", { "optionalDependencies": { "@img/sharp-libvips-linux-s390x": "1.3.3" }, "os": "linux", "cpu": "s390x" }, "sha512-RY0JFY8Fd6RonCBtHz+DvadaPkXDSI1AUn6yWL9TipqkZ1vY8w8evqdgyDFnkm4/K1ve1TvZiaePP5oSd4+WVQ=="],

    "@img/sharp-linux-x64": ["@img/sharp-linux-x64@0.35.4", "", { "optionalDependencies": { "@img/sharp-libvips-linux-x64": "1.3.3" }, "os": "linux", "cpu": "x64" }, "sha512-9qvvEAuk8k89TfWUoX2htWjbAMX8p+NxCppjpcg5k6xMsjhBQPTsoIh36h9Qde4WRuGpJeYnOjdosDn/cnv+OA=="],

    "@img/sharp-linuxmusl-arm64": ["@img/sharp-linuxmusl-arm64@0.35.4", "", { "optionalDependencies": { "@img/sharp-libvips-linuxmusl-arm64": "1.3.3" }, "os": "linux", "cpu": "arm64" }, "sha512-KB5jxpfWQTr0nc3xdHtWChdbifHrBGsd2SM62Eyxrl8afikm+f5qGBU75SJIZBT/S1MC8XyacdlXBMSWq6OURA=="],

    "@img/sharp-linuxmusl-x64": ["@img/sharp-linuxmusl-x64@0.35.4", "", { "optionalDependencies": { "@img/sharp-libvips-linuxmusl-x64": "1.3.3" }, "os": "linux", "cpu": "x64" }, "sha512-f+eZJZIQNEEd26RPSW+76chwOf1XtA2Y/O+5ocVyLliHkeih3e+jhLVBdNTd2rS3IbNXK8+ug93Vf5ZXtF5Lxg=="],

    "@img/sharp-wasm32": ["@img/sharp-wasm32@0.35.4", "", { "dependencies": { "@emnapi/runtime": "^1.11.3" } }, "sha512-zQnl4Kwp7Q6NHsENtU2T/00Zi+w3AQNwz3+UaTyVBy2FpXrzXzGjndpK61onhZjRtRpQXxCTeqw19bVyXOh7jA=="],

    "@img/sharp-webcontainers-wasm32": ["@img/sharp-webcontainers-wasm32@0.35.4", "", { "dependencies": { "@img/sharp-wasm32": "0.35.4" }, "cpu": "none" }, "sha512-ESfNkywmCfPNyaZjxooddJQiQ+l/nTpGEOGthxiLnIHXC/CmcBixnfwUleX9mCz9ovrUUvKMap/pm8RYbzfwaA=="],

    "@img/sharp-win32-arm64": ["@img/sharp-win32-arm64@0.35.4", "", { "os": "win32", "cpu": "arm64" }, "sha512-iNdlBX9gLVvqe2I3uIJSIKTq6wckP/DYxZtcqxm09x5Gi24DnFBmPAWZmr60ZyYMG0xlzo6goG3670ar+RXvRw=="],

    "@img/sharp-win32-ia32": ["@img/sharp-win32-ia32@0.35.4", "", { "os": "win32", "cpu": "ia32" }, "sha512-kqRsbaa5CS6KHlpxnN7WhE6vAAugXyZButpRdvDWetlv6Qv4N9WTcrWzF7tXfB9T7MsoadqdI8hmwLq6UlLvtw=="],

    "@img/sharp-win32-x64": ["@img/sharp-win32-x64@0.35.4", "", { "os": "win32", "cpu": "x64" }, "sha512-XtmnYhBcrORsJ4XJngyzr/EWP0hRZLAZRFaApdKuviyqF78+ylxh2y06ZmtULAMOnObJ3ucpN0AcwSWnMowTRg=="],

    "@jridgewell/gen-mapping": ["@jridgewell/gen-mapping@0.3.13", "", { "dependencies": { "@jridgewell/sourcemap-codec": "^1.5.0", "@jridgewell/trace-mapping": "^0.3.24" } }, "sha512-2kkt/7niJ6MgEPxF0bYdQ6etZaA+fQvDcLKckhy1yIQOzaoKjBBjSj63/aLVjYE3qhRt5dvM+uUyfCg6UKCBbA=="],

    "@jridgewell/resolve-uri": ["@jridgewell/resolve-uri@3.1.2", "", {}, "sha512-bRISgCIjP20/tbWSPWMEi54QVPRZExkuD9lJL+UIxUKtwVJA8wW1Trb1jMs1RFXo1CBTNZ/5hpC9QvmKWdopKw=="],

    "@jridgewell/source-map": ["@jridgewell/source-map@0.3.11", "", { "dependencies": { "@jridgewell/gen-mapping": "^0.3.5", "@jridgewell/trace-mapping": "^0.3.25" } }, "sha512-ZMp1V8ZFcPG5dIWnQLr3NSI1MiCU7UETdS/A0G8V/XWHvJv3ZsFqutJn1Y5RPmAPX6F3BiE397OqveU/9NCuIA=="],

    "@jridgewell/sourcemap-codec": ["@jridgewell/sourcemap-codec@1.6.0", "", {}, "sha512-T7jf+5zgsZHwNJ4lvQ7/aezbyk0nNX+zJVWpmHA7VYsEx7a7qr5Rg5IbtJFqkgze5Y2sruq1RUY8Q837Od7iFw=="],

    "@jridgewell/trace-mapping": ["@jridgewell/trace-mapping@0.3.31", "", { "dependencies": { "@jridgewell/resolve-uri": "^3.1.0", "@jridgewell/sourcemap-codec": "^1.4.14" } }, "sha512-zzNR+SdQSDJzc8joaeP8QQoCQr8NuYx2dIIytl1QeBEZHJ9uW6hebsrYgbz8hJwUQao3TWCMtmfV8Nu1twOLAw=="],

    "@parcel/watcher": ["@parcel/watcher@2.6.0", "", { "dependencies": { "detect-libc": "^2.0.3", "is-glob": "^4.0.3", "node-addon-api": "^7.0.0", "picomatch": "^4.0.4" }, "optionalDependencies": { "@parcel/watcher-android-arm64": "2.6.0", "@parcel/watcher-darwin-arm64": "2.6.0", "@parcel/watcher-darwin-x64": "2.6.0", "@parcel/watcher-freebsd-x64": "2.6.0", "@parcel/watcher-linux-arm-glibc": "2.6.0", "@parcel/watcher-linux-arm-musl": "2.6.0", "@parcel/watcher-linux-arm64-glibc": "2.6.0", "@parcel/watcher-linux-arm64-musl": "2.6.0", "@parcel/watcher-linux-x64-glibc": "2.6.0", "@parcel/watcher-linux-x64-musl": "2.6.0", "@parcel/watcher-win32-arm64": "2.6.0", "@parcel/watcher-win32-x64": "2.6.0" } }, "sha512-7FNeNl8NCE7aINx7WXiKQrPYZWC/hvrTsmk6zmxbI7LTXE7hVek/n8AfVgpe2y82zl3w0HvCHN0bVKMBoJcC0w=="],

    "@parcel/watcher-android-arm64": ["@parcel/watcher-android-arm64@2.6.0", "", { "os": "android", "cpu": "arm64" }, "sha512-trgpLSCKRC/huFjXX/Smh+0sWe4+YtKfktIToiMl59ghz7z+qkH6kMvNnUbLyRs9N11t8l4svSCs1+5B3rOAhA=="],

    "@parcel/watcher-darwin-arm64": ["@parcel/watcher-darwin-arm64@2.6.0", "", { "os": "darwin", "cpu": "arm64" }, "sha512-Y3QV0gl7Q1zbfueunkWIERICbEojQFCgpyG7YqOGNFLsckXyI1xu9mAIUpKY9QBYzBtSkN8dBPwd3yiAO9ovMw=="],

    "@parcel/watcher-darwin-x64": ["@parcel/watcher-darwin-x64@2.6.0", "", { "os": "darwin", "cpu": "x64" }, "sha512-Ohv6OpzhUfKYD7Beb8kDvG0jbIxORCYY1JRdZnaBtnjjkJxgD7ZVL0nw2sCYd0yTMKTvz3nnTnOF3cDifK+kvw=="],

    "@parcel/watcher-freebsd-x64": ["@parcel/watcher-freebsd-x64@2.6.0", "", { "os": "freebsd", "cpu": "x64" }, "sha512-5HmXvDgs8VK+74jF9y9/2FE3/OnlcKmc56tjmSrEuZjpSZOGL+fvAu+HKJBdPs9uwoP2hE6TlSUpXZ/C5jUFmQ=="],

    "@parcel/watcher-linux-arm-glibc": ["@parcel/watcher-linux-arm-glibc@2.6.0", "", { "os": "linux", "cpu": "arm" }, "sha512-Ps/hui3A+vMbjdqlqAowK2ZL8+BO8dBjxeWXj6npTBs3jx4wWmbPpaLuqwrQrSqIVMCnpWo238bJ1U37GhQOYg=="],

    "@parcel/watcher-linux-arm-musl": ["@parcel/watcher-linux-arm-musl@2.6.0", "", { "os": "linux", "cpu": "arm" }, "sha512-9c6AUHgHoG+IY88MRIHupztQiQnrbqHYQjkM2btA+Bf/wQnQMuiD0Wfk1EVv3TlNT3x41uU71rn6E4xh/+zvkw=="],

    "@parcel/watcher-linux-arm64-glibc": ["@parcel/watcher-linux-arm64-glibc@2.6.0", "", { "os": "linux", "cpu": "arm64" }, "sha512-yHRqS2owEXe6Hic9z6Mh1ECsCd+ODVOGvZDyciqRd21+v+o+DnXMOrw50DSpIG2sb8GPEaPPmfeCAWKPJdq46g=="],

    "@parcel/watcher-linux-arm64-musl": ["@parcel/watcher-linux-arm64-musl@2.6.0", "", { "os": "linux", "cpu": "arm64" }, "sha512-WhB2e/V7rqdHHWZusBSPuy5Ei8S6lSz6FE5TKKQz5h3a0O+C+mhY7vxU9b/stqvMb8beLnPY82ZrFTLKs+SrKA=="],

    "@parcel/watcher-linux-x64-glibc": ["@parcel/watcher-linux-x64-glibc@2.6.0", "", { "os": "linux", "cpu": "x64" }, "sha512-ulGE6x6Oz6iAwg75T8YQSoguBWasniIbX+QWpaYPcCnDOpdWX3k+4xbEYPZVLxOuoJI+svJJPD3sEj8G7lrQ3A=="],

    "@parcel/watcher-linux-x64-musl": ["@parcel/watcher-linux-x64-musl@2.6.0", "", { "os": "linux", "cpu": "x64" }, "sha512-tkBYKt7YQrjIJWYDnto2YgO8MRkjlMTSNoRHzsXinBqbLdeOM3L32wPZJvIZxqaLMfSlS/4sUjH/6STVP/XDLw=="],

    "@parcel/watcher-win32-arm64": ["@parcel/watcher-win32-arm64@2.6.0", "", { "os": "win32", "cpu": "arm64" }, "sha512-gIZAP23jaHjGWasY/TY6yL7NHFClf0Ga7FN+iINvk+KN94rhm94lYZhFsbYFNcA04/onvGD9kKmiJLJB2HbNwQ=="],

    "@parcel/watcher-win32-x64": ["@parcel/watcher-win32-x64@2.6.0", "", { "os": "win32", "cpu": "x64" }, "sha512-cA+/pXV2YkfxlIcXOQ5fSWqAzzPyD78/x5qbK/I0vUkrlYHA8TIz+MXjAbGouguKVSI4bOmkTSJ1/poVSsgt+A=="],

    "@types/bun": ["@types/bun@1.4.0", "", { "dependencies": { "bun-types": "1.4.0" } }, "sha512-K+lZULY23vRgK/CfTjFIV+tyifaNdSMlPh9j+6mQ/cLfpOznLyAuzgV/JQysyECpkBQLVMSyvjlr2fBUSA9wFQ=="],

    "@types/html-minifier-terser": ["@types/html-minifier-terser@7.0.2", "", {}, "sha512-mm2HqV22l8lFQh4r2oSsOEVea+m0qqxEmwpc9kC1p/XzmjLWrReR9D/GRs8Pex2NX/imyEH9c5IU/7tMBQCHOA=="],

    "@types/node": ["@types/node@26.4.1", "", { "dependencies": { "undici-types": "~8.3.0" } }, "sha512-k97ENvZWtvA6yqz5/FS6a7duDgOPEeOQOc2iKS/nY6mX6qJUKtLnWzQS+Xj6tXweyj6ZcTAK2Qecetnvi9nCLA=="],

    "@types/whatwg-mimetype": ["@types/whatwg-mimetype@3.0.2", "", {}, "sha512-c2AKvDT8ToxLIOUlN51gTiHXflsfIFisS4pO7pDPoKouJCESkhZnEy623gwP9laCy5lnLDAw1vAzu2vM2YLOrA=="],

    "@types/ws": ["@types/ws@8.18.1", "", { "dependencies": { "@types/node": "*" } }, "sha512-ThVF6DCVhA8kUGy+aazFQ4kXQ7E1Ty7A3ypFOe0IcJV8O/M511G99AW24irKrW56Wt44yG9+ij8FaqoBGkuBXg=="],

    "@typescript/typescript-aix-ppc64": ["@typescript/typescript-aix-ppc64@7.0.2", "", { "os": "aix", "cpu": "ppc64" }, "sha512-MTKKkWB7p/0E9xi1d1tHtZ5PiLkGEMIq88pK2CubZjOsLtYTLqhgIgi6zepFa+9GHZ6h05NMCkQxGKiPXMxXtQ=="],

    "@typescript/typescript-darwin-arm64": ["@typescript/typescript-darwin-arm64@7.0.2", "", { "os": "darwin", "cpu": "arm64" }, "sha512-gowzar9MwS/aRWp6f3a4KUqzRjAZjOsmGNCM6LcTgXum+dBfgsBVMN+AgvOCCbguXyick6LJhpBszxMebJ8syA=="],

    "@typescript/typescript-darwin-x64": ["@typescript/typescript-darwin-x64@7.0.2", "", { "os": "darwin", "cpu": "x64" }, "sha512-SZ9xZInqApNlNGc9s0W1VSsktYSOe9cFqNOIqmN1Gs8SmkjKZYFt017G4VwPxASInODuAdbTW7sXiFUf893RgA=="],

    "@typescript/typescript-freebsd-arm64": ["@typescript/typescript-freebsd-arm64@7.0.2", "", { "os": "freebsd", "cpu": "arm64" }, "sha512-W5NH4y/J0plIIS5b2xvTEkU7JFxyqdMAOgf+Ilhl0vHQXKO5dZoxd+C/jEtq56c4F3wk71RB4BMRQ2XdI+bwYQ=="],

    "@typescript/typescript-freebsd-x64": ["@typescript/typescript-freebsd-x64@7.0.2", "", { "os": "freebsd", "cpu": "x64" }, "sha512-UMGDx5sTpzNw3WiPebH7l90IWfJggEd+egHt/q6p7/Cm3zqoV7VxkGXt+3DxPIw8CcmvAB0j3sVVfbhX+M4Tpw=="],

    "@typescript/typescript-linux-arm": ["@typescript/typescript-linux-arm@7.0.2", "", { "os": "linux", "cpu": "arm" }, "sha512-gffT3xPz9sR7j/YJExkyPntrI0P2EP9XbOyWzth2/Gs0RstK+90RBcO0ncXoXy/beYll1SXw846Nf2zdnEz0QQ=="],

    "@typescript/typescript-linux-arm64": ["@typescript/typescript-linux-arm64@7.0.2", "", { "os": "linux", "cpu": "arm64" }, "sha512-Qh4eU4/y3yDjnfjjyPYihMj5/ODIlmt+Bzu17OI+fiSRDW57QmU5SiN63exPRNJPKUzcc1INa1NXdrJ+MqHjUQ=="],

    "@typescript/typescript-linux-loong64": ["@typescript/typescript-linux-loong64@7.0.2", "", { "os": "linux", "cpu": "none" }, "sha512-uEHck9i8hoAzXPiYRib1O7miOnz23SxIeVl6F4LXox+qov1K35jHcEW6VHKvZI+pyvl7fZEP4MCU5LYvIq1GuQ=="],

    "@typescript/typescript-linux-mips64el": ["@typescript/typescript-linux-mips64el@7.0.2", "", { "os": "linux", "cpu": "none" }, "sha512-R4KvAMnE43W5Qeqb0Ly56O3mWMWIAgsMyz36DCaycd5nbg/9kzm0liw3JocfRqyJY0KPmzFjbswozXyW0DnIYA=="],

    "@typescript/typescript-linux-ppc64": ["@typescript/typescript-linux-ppc64@7.0.2", "", { "os": "linux", "cpu": "ppc64" }, "sha512-DORx5b3sd/4S7eayxm4FQv+A7CrkUIGRaHiwI8oiHTAI1fAPWhF4J0vAlkC8biAlHSVVwxMQ3tjZ2/DVbnQiiA=="],

    "@typescript/typescript-linux-riscv64": ["@typescript/typescript-linux-riscv64@7.0.2", "", { "os": "linux", "cpu": "none" }, "sha512-wf0jqEDOjrPRnKwYRyyJDRo11KMbvMFrU+q4zqKyChODBzvlkbhNQfKvLxQCcwTpdDaXSHZTVuh0JoCrKCUMHQ=="],

    "@typescript/typescript-linux-s390x": ["@typescript/typescript-linux-s390x@7.0.2", "", { "os": "linux", "cpu": "s390x" }, "sha512-IkwJc3L7yhytWd/ewjyxNDfOmswCm9GWMJT/ue/dU4aZNbwZeYAetq42VyLmsmSjvoX7z74X6ZaYCtzAr0EuGw=="],

    "@typescript/typescript-linux-x64": ["@typescript/typescript-linux-x64@7.0.2", "", { "os": "linux", "cpu": "x64" }, "sha512-EYdf2cNg7rgCWJnxCdJ+F3V39O8ihb37eHAu1LK8oAFizgTQbPOK7zHHXbPt8rX24COqODXeI3sIf0fCXG7H/A=="],

    "@typescript/typescript-netbsd-arm64": ["@typescript/typescript-netbsd-arm64@7.0.2", "", { "os": "none", "cpu": "arm64" }, "sha512-+polYF4MF04aPpO5FTkHran9yUQDSXqy5GiSDKpsll5jy3l3+g9QLhpf39T+ePtefhXLOGrLl0QIjkQP6VnelA=="],

    "@typescript/typescript-netbsd-x64": ["@typescript/typescript-netbsd-x64@7.0.2", "", { "os": "none", "cpu": "x64" }, "sha512-8YIT0EHM/3dq10ZOVF/A7pc/YSMtbcecct4rWtexrnSCHOPcpC2KTLXfTCR6vDpnSiY12heNb1GiN/wu+T/FyA=="],

    "@typescript/typescript-openbsd-arm64": ["@typescript/typescript-openbsd-arm64@7.0.2", "", { "os": "openbsd", "cpu": "arm64" }, "sha512-APT8+ClYnuYm1u9+kgGXoMj2VzWzcymwh2gNSQVySHfkRDGOTVkoWLjCmOQSaO+PoqQ57B0flRp9SA+7GnnkzQ=="],

    "@typescript/typescript-openbsd-x64": ["@typescript/typescript-openbsd-x64@7.0.2", "", { "os": "openbsd", "cpu": "x64" }, "sha512-yX7s+Q0Dln0Dt9tEzZsAjXXR/+ytBM7AlglaqyeMPxQszJ1JhlJdZ6jLA+IzldHtflX81em7lDao1xXu+aRRkg=="],

    "@typescript/typescript-sunos-x64": ["@typescript/typescript-sunos-x64@7.0.2", "", { "os": "sunos", "cpu": "x64" }, "sha512-dLJDGaLZ1D4HPQn62u1n8mBDkJREwMsAkCdkwd4Ieqw+x3TUyTsqY0YiBCtE6H6OzzgGk3iuZ3vFWRS+E8/d1g=="],

    "@typescript/typescript-win32-arm64": ["@typescript/typescript-win32-arm64@7.0.2", "", { "os": "win32", "cpu": "arm64" }, "sha512-Gyl1Vy6OsWesLzmq+EP0Fb7b4Nid5232AvcA2SFcdYreldpNtYFFofPjnt62y9hQy7VTaZp65ICJjuAQRaVcIQ=="],

    "@typescript/typescript-win32-x64": ["@typescript/typescript-win32-x64@7.0.2", "", { "os": "win32", "cpu": "x64" }, "sha512-0BQ3HkAHHlKLSp1qRvf3SUhGpGsDuhB/jgFw75guyqbxJqEaS0Cw/VFO8i2nHglJUzQCRtMMR/IBAKE3ETMC4g=="],

    "acorn": ["acorn@8.18.0", "", { "bin": { "acorn": "bin/acorn" } }, "sha512-lGq+9yr1/GuAWaVYIHRjvvySG5/4VfKIvC8EWxStPdcDh/Ka7FG3twP6v4d5BkravUilhIAsG4Qj83t02LWUPQ=="],

    "argparse": ["argparse@2.0.1", "", {}, "sha512-8+9WqebbFzpX9OR+Wa6O29asIogeRMzcGtAINdpMHHyAg10f05aSFVBbcEqGf/PXw1EjAZ+q2/bEBg3DvurK3Q=="],

    "buffer-from": ["buffer-from@1.1.2", "", {}, "sha512-E+XQCRwSbaaiChtv6k6Dwgc+bx+Bs6vuKJHHl5kox/BaKbhiXzqQOwK4cO22yElGp2OCmjwVhT3HmxgyPGnJfQ=="],

    "buffer-image-size": ["buffer-image-size@0.6.4", "", { "dependencies": { "@types/node": "*" } }, "sha512-nEh+kZOPY1w+gcCMobZ6ETUp9WfibndnosbpwB1iJk/8Gt5ZF2bhS6+B6bPYz424KtwsR6Rflc3tCz1/ghX2dQ=="],

    "bun-types": ["bun-types@1.4.0", "", { "dependencies": { "@types/node": "*" } }, "sha512-iIKw23BspnQQYd3prITOBxeUsxBHnwzX6YJfGMuNOZzeNcMmVqzIIVGRm1l69ogaPQmb4wB6BN8mA5bE9YuC5Q=="],

    "camel-case": ["camel-case@4.1.2", "", { "dependencies": { "pascal-case": "^3.1.2", "tslib": "^2.0.3" } }, "sha512-gxGWBrTT1JuMx6R+o5PTXMmUnhnVzLQ9SNutD4YqKtI6ap897t3tKECYla6gCWEkplXnlNybEkZg9GEGxKFCgw=="],

    "chokidar": ["chokidar@5.0.0", "", { "dependencies": { "readdirp": "^5.0.0" } }, "sha512-TQMmc3w+5AxjpL8iIiwebF73dRDF4fBIieAqGn9RGCWaEVwQ6Fb2cGe31Yns0RRIzii5goJ1Y7xbMwo1TxMplw=="],

    "clean-css": ["clean-css@5.3.3", "", { "dependencies": { "source-map": "~0.6.0" } }, "sha512-D5J+kHaVb/wKSFcyyV75uCn8fiY4sV38XJoe4CUyGQ+mOU/fMVYUdH1hJC+CJQ5uY3EnW27SbJYS4X8BiLrAFg=="],

    "commander": ["commander@10.0.1", "", {}, "sha512-y4Mg2tXshplEbSGzx7amzPwKKOCGuoSRP/CjEdwwk0FOGlUbq6lKuoyDZTNZkmxHdJtp54hdfY/JUrdL7Xfdug=="],

    "detect-libc": ["detect-libc@2.1.2", "", {}, "sha512-Btj2BOOO83o3WyH59e8MgXsxEQVcarkUOpEYrubB0urwnN10yQ364rsiByU11nZlqWYZm05i/of7io4mzihBtQ=="],

    "dot-case": ["dot-case@3.0.4", "", { "dependencies": { "no-case": "^3.0.4", "tslib": "^2.0.3" } }, "sha512-Kv5nKlh6yRrdrGvxeJ2e5y2eRUpkUosIW4A2AS38zwSz27zu7ufDwQPi5Jhs3XAlGNetl3bmnGhQsMtkKJnj3w=="],

    "entities": ["entities@7.0.1", "", {}, "sha512-TWrgLOFUQTH994YUyl1yT4uyavY5nNB5muff+RtWaqNVCAK408b5ZnnbNAUEWLTCpum9w6arT70i1XdQ4UeOPA=="],

    "fontverter": ["fontverter@2.0.0", "", { "dependencies": { "wawoff2": "^2.0.0", "woff2sfnt-sfnt2woff": "^1.0.0" } }, "sha512-DFVX5hvXuhi1Jven1tbpebYTCT9XYnvx6/Z+HFUPb7ZRMCW+pj2clU9VMhoTPgWKPhAs7JJDSk3CW1jNUvKCZQ=="],

    "happy-dom": ["happy-dom@20.13.1", "", { "dependencies": { "@types/node": ">=20.0.0", "@types/whatwg-mimetype": "^3.0.2", "@types/ws": "^8.18.1", "buffer-image-size": "^0.6.4", "entities": "^7.0.1", "whatwg-mimetype": "^3.0.0", "ws": "^8.21.0" } }, "sha512-hoh0Sq+2vSDi8CJaFnLBLAlEK7/vrRmUiim30PwFj9aiVwqF/Z+6cCpmt9gNuQgu+PHjNC4O2PhjxA9Nr+UlBQ=="],

    "harfbuzzjs": ["harfbuzzjs@0.10.3", "", {}, "sha512-GJnLUrgLMadlMYrBGEXwYEimObbysy3prWT4HyPpFQERvgTU/OZ+ReUlEPOum6w4RBtFXzXiCCmECOr4sz3qwQ=="],

    "html-minifier-terser": ["html-minifier-terser@7.2.0", "", { "dependencies": { "camel-case": "^4.1.2", "clean-css": "~5.3.2", "commander": "^10.0.0", "entities": "^4.4.0", "param-case": "^3.0.4", "relateurl": "^0.2.7", "terser": "^5.15.1" }, "bin": { "html-minifier-terser": "cli.js" } }, "sha512-tXgn3QfqPIpGl9o+K5tpcj3/MN4SfLtsx2GWwBC3SSd0tXQGyF3gsSqad8loJgKZGM3ZxbYDd5yhiBIdWpmvLA=="],

    "immutable": ["immutable@5.1.9", "", {}, "sha512-m8nVez3rwrgmWxtLMt1ZYXB2Lv7OKYn/disyxAlSDYAlKSlFoPPfIAmAM/M5xqL4m4C/wAPw7S2/CNaUii1Hxg=="],

    "is-extglob": ["is-extglob@2.1.1", "", {}, "sha512-SbKbANkN603Vi4jEZv49LeVJMn4yGwsbzZworEoyEiutsN3nJYdbO36zfhGJ6QEDpOZIFkDtnq5JRxmvl3jsoQ=="],

    "is-glob": ["is-glob@4.0.3", "", { "dependencies": { "is-extglob": "^2.1.1" } }, "sha512-xelSayHH36ZgE7ZWhli7pW34hNbNl8Ojv5KVmkJD4hBdD3th8Tfk9vYasLM+mXWOZhFkgZfxhLSnrwRr4elSSg=="],

    "lower-case": ["lower-case@2.0.2", "", { "dependencies": { "tslib": "^2.0.3" } }, "sha512-7fm3l3NAF9WfN6W3JOmf5drwpVqX78JtoGJ3A6W0a6ZnldM41w2fV5D490psKFTpMds8TJse/eHLFFsNHHjHgg=="],

    "no-case": ["no-case@3.0.4", "", { "dependencies": { "lower-case": "^2.0.2", "tslib": "^2.0.3" } }, "sha512-fgAN3jGAh+RoxUGZHTSOLJIqUc2wmoBwGR4tbpNAKmmovFoWq0OdRkb0VkldReO2a2iBT/OEulG9XSUc10r3zg=="],

    "node-addon-api": ["node-addon-api@7.1.1", "", {}, "sha512-5m3bsyrjFWE1xf7nz7YXdN4udnVtXK6/Yfgn5qnahL6bCkf2yKt4k3nuTKAtT4r3IG8JNR2ncsIMdZuAzJjHQQ=="],

    "p-limit": ["p-limit@3.1.0", "", { "dependencies": { "yocto-queue": "^0.1.0" } }, "sha512-TYOanM3wGwNGsZN2cVTYPArw454xnXj5qmWF1bEoAc4+cU/ol7GVh7odevjp1FNHduHc3KZMcFduxU5Xc6uJRQ=="],

    "pako": ["pako@1.0.11", "", {}, "sha512-4hLB8Py4zZce5s4yd9XzopqwVv/yGNhV1Bl8NTmCq1763HeK2+EwVTv+leGeL13Dnh2wfbqowVPXCIO0z4taYw=="],

    "param-case": ["param-case@3.0.4", "", { "dependencies": { "dot-case": "^3.0.4", "tslib": "^2.0.3" } }, "sha512-RXlj7zCYokReqWpOPH9oYivUzLYZ5vAPIfEmCTNViosC78F8F0H9y7T7gG2M39ymgutxF5gcFEsyZQSph9Bp3A=="],

    "pascal-case": ["pascal-case@3.1.2", "", { "dependencies": { "no-case": "^3.0.4", "tslib": "^2.0.3" } }, "sha512-uWlGT3YSnK9x3BQJaOdcZwrnV6hPpd8jFH1/ucpiLRPh/2zCVJKS19E4GvYHvaCcACn3foXZ0cLB9Wrx1KGe5g=="],

    "picomatch": ["picomatch@4.0.7", "", {}, "sha512-qcJu88Q2IWqJsDD529JKMdwGm/dvInW4HvQnRwiH9JtihJvzGOscDtHE3x1pBKeUOTysQ8kVmLnJ2kJu7yhcGA=="],

    "prettier": ["prettier@3.9.6", "", { "bin": { "prettier": "bin/prettier.cjs" } }, "sha512-OpN0zzVdiaiAhxpuuj5efpIS4sY9j7bY6uR5mnj5yPzGkdkjNKSJeUThPb60Jw29QuAZgA4o+/iB49kFiaBX6g=="],

    "readdirp": ["readdirp@5.1.1", "", {}, "sha512-Kko+Y5XQ6fM+Ce3dq3m9YGxnacYZYl9cA1wZjaF3Vbry2L3i1qVg8+CAgNPsXRArPMUMCaOR7oa9Nqntc43JKA=="],

    "relateurl": ["relateurl@0.2.7", "", {}, "sha512-G08Dxvm4iDN3MLM0EsP62EDV9IuhXPR6blNz6Utcp7zyV3tr4HVNINt6MpaRWbxoOHT3Q7YN2P+jaHX8vUbgog=="],

    "sass": ["sass@1.103.1", "", { "dependencies": { "chokidar": "^5.0.0", "immutable": "^5.1.5", "source-map-js": ">=0.6.2 <2.0.0" }, "optionalDependencies": { "@parcel/watcher": "^2.4.1" }, "bin": { "sass": "sass.js" } }, "sha512-9icZURbP51S6S0QGoyaeqk9uB06GNWxsFYWfH5RgpFgqK5FA8tJcM3AdVxrZEVJ7dz+L87nG95gBKf4VuaMHGw=="],

    "semver": ["semver@7.8.5", "", { "bin": { "semver": "bin/semver.js" } }, "sha512-Y7/KDsb8LjooZpwaqGyulO6DQlksgCncchHGk+sZIY4SBvUocMBEFH5Ur1fI4dV+Jvl0w6cjvucaIi40puRioA=="],

    "sharp": ["sharp@0.35.4", "", { "dependencies": { "@img/colour": "^1.1.0", "detect-libc": "^2.1.2", "semver": "^7.8.5" }, "optionalDependencies": { "@img/sharp-darwin-arm64": "0.35.4", "@img/sharp-darwin-x64": "0.35.4", "@img/sharp-freebsd-wasm32": "0.35.4", "@img/sharp-libvips-darwin-arm64": "1.3.3", "@img/sharp-libvips-darwin-x64": "1.3.3", "@img/sharp-libvips-linux-arm": "1.3.3", "@img/sharp-libvips-linux-arm64": "1.3.3", "@img/sharp-libvips-linux-ppc64": "1.3.3", "@img/sharp-libvips-linux-riscv64": "1.3.3", "@img/sharp-libvips-linux-s390x": "1.3.3", "@img/sharp-libvips-linux-x64": "1.3.3", "@img/sharp-libvips-linuxmusl-arm64": "1.3.3", "@img/sharp-libvips-linuxmusl-x64": "1.3.3", "@img/sharp-linux-arm": "0.35.4", "@img/sharp-linux-arm64": "0.35.4", "@img/sharp-linux-ppc64": "0.35.4", "@img/sharp-linux-riscv64": "0.35.4", "@img/sharp-linux-s390x": "0.35.4", "@img/sharp-linux-x64": "0.35.4", "@img/sharp-linuxmusl-arm64": "0.35.4", "@img/sharp-linuxmusl-x64": "0.35.4", "@img/sharp-webcontainers-wasm32": "0.35.4", "@img/sharp-win32-arm64": "0.35.4", "@img/sharp-win32-ia32": "0.35.4", "@img/sharp-win32-x64": "0.35.4" }, "peerDependencies": { "@types/node": "*" }, "optionalPeers": ["@types/node"] }, "sha512-n++8XWcj+jCOr2IOl7h8LbKnGBDY4aPbmprMONBNFdn0ImXqpGVv5zliDs0V9HbmbCQLpbuo2ej9rAoOQTvMDA=="],

    "source-map": ["source-map@0.6.1", "", {}, "sha512-UjgapumWlbMhkBgzT7Ykc5YXUT46F0iKu8SGXq0bcwP5dz/h0Plj6enJqjz1Zbq2l5WaqYnrVbwWOWMyF3F47g=="],

    "source-map-js": ["source-map-js@1.2.1", "", {}, "sha512-UXWMKhLOwVKb728IUtQPXxfYU+usdybtUrK/8uGE8CQMvrhOpwvzDBwj0QhSL7MQc7vIsISBG8VQ8+IDQxpfQA=="],

    "source-map-support": ["source-map-support@0.5.21", "", { "dependencies": { "buffer-from": "^1.0.0", "source-map": "^0.6.0" } }, "sha512-uBHU3L3czsIyYXKX88fdrGovxdSCoTGDRZ6SYXtSRxLZUzHg5P/66Ht6uoUlHu9EZod+inXhKo3qQgwXUT/y1w=="],

    "subset-font": ["subset-font@2.7.0", "", { "dependencies": { "fontverter": "^2.0.0", "harfbuzzjs": "^0.10.3", "p-limit": "^3.1.0" } }, "sha512-KoBEshkhodCspvR8DweQFkxRB0OxLmXiWV49y8O5fksD9gf/qBK8gcLwUOlGP4ktm55t2Ot0gLRsVQLT4391QQ=="],

    "terser": ["terser@5.51.2", "", { "dependencies": { "@jridgewell/source-map": "^0.3.3", "acorn": "^8.15.0", "commander": "^2.20.0", "source-map-support": "~0.5.20" }, "bin": { "terser": "bin/terser" } }, "sha512-bWnjSNscmuI+GJze6ZupnHP8G/cTcsJF+bXCeQknk2SHQsgbNJnLrqiH9jZ2W4STPVXH2mDKKRX3iwPhc9Cn/Q=="],

    "tslib": ["tslib@2.8.1", "", {}, "sha512-oJFu94HQb+KVduSUQL7wnpmqnfmLsOA/nAh6b6EH0wCEoK0/mPeXU6c3wKDV83MkOuHPRHtSXKKU99IBazS/2w=="],

    "typescript": ["typescript@7.0.2", "", { "optionalDependencies": { "@typescript/typescript-aix-ppc64": "7.0.2", "@typescript/typescript-darwin-arm64": "7.0.2", "@typescript/typescript-darwin-x64": "7.0.2", "@typescript/typescript-freebsd-arm64": "7.0.2", "@typescript/typescript-freebsd-x64": "7.0.2", "@typescript/typescript-linux-arm": "7.0.2", "@typescript/typescript-linux-arm64": "7.0.2", "@typescript/typescript-linux-loong64": "7.0.2", "@typescript/typescript-linux-mips64el": "7.0.2", "@typescript/typescript-linux-ppc64": "7.0.2", "@typescript/typescript-linux-riscv64": "7.0.2", "@typescript/typescript-linux-s390x": "7.0.2", "@typescript/typescript-linux-x64": "7.0.2", "@typescript/typescript-netbsd-arm64": "7.0.2", "@typescript/typescript-netbsd-x64": "7.0.2", "@typescript/typescript-openbsd-arm64": "7.0.2", "@typescript/typescript-openbsd-x64": "7.0.2", "@typescript/typescript-sunos-x64": "7.0.2", "@typescript/typescript-win32-arm64": "7.0.2", "@typescript/typescript-win32-x64": "7.0.2" }, "bin": { "tsc": "bin/tsc" } }, "sha512-8FYau96o3NKOhbjKi/qNvG/W5jhzxkbdm5sj9AbZ/5T5sWqn3hJgLfGx27sRKZWTvyzCP8dLRBTf5tBTSRVUNA=="],

    "undici-types": ["undici-types@8.3.0", "", {}, "sha512-j375ScV60dom+YkPFIfTLcOiPxkN/buHz5GobjLhixFuANaNs3C9l4GmrWqejgXWJ7BbJcFYpTEUkS1Ge8bpZQ=="],

    "wawoff2": ["wawoff2@2.0.1", "", { "dependencies": { "argparse": "^2.0.1" }, "bin": { "woff2_compress.js": "bin/woff2_compress.js", "woff2_decompress.js": "bin/woff2_decompress.js" } }, "sha512-r0CEmvpH63r4T15ebFqeOjGqU4+EgTx4I510NtK35EMciSdcTxCw3Byy3JnBonz7iyIFZ0AbVo0bbFpEVuhCYA=="],

    "whatwg-mimetype": ["whatwg-mimetype@3.0.0", "", {}, "sha512-nt+N2dzIutVRxARx1nghPKGv1xHikU7HKdfafKkLNLindmPU/ch3U31NOCGGA/dmPcmb1VlofO0vnKAcsm0o/Q=="],

    "woff2sfnt-sfnt2woff": ["woff2sfnt-sfnt2woff@1.0.0", "", { "dependencies": { "pako": "^1.0.7" } }, "sha512-edK4COc1c1EpRfMqCZO1xJOvdUtM5dbVb9iz97rScvnTevqEB3GllnLWCmMVp1MfQBdF1DFg/11I0rSyAdS4qQ=="],

    "ws": ["ws@8.21.3", "", { "peerDependencies": { "bufferutil": "^4.0.1", "utf-8-validate": ">=5.0.2" }, "optionalPeers": ["bufferutil", "utf-8-validate"] }, "sha512-201TZ/kPWxoPr/OKWjquZR1SWKXcvxdH+e1xrx89b3YbmzLMFCLfnaG1HFIgWzJOEWZ7MvpK++odZufgYR50Rw=="],

    "yocto-queue": ["yocto-queue@0.1.0", "", {}, "sha512-rVksvsnNCdJ/ohGc6xgPwyN8eheCxsiLM8mxuE/t/mOVqJewPuO1miLpTHQiRgTKCLexL4MeAFVagts7HmNZ2Q=="],

    "html-minifier-terser/entities": ["entities@4.5.0", "", {}, "sha512-V0hjH4dGPh9Ao5p0MoRY6BVqtwCjhz6vI5LT8AJ55H+4g9/4vbHx1I54fS0XuclLhDHArPQCiMjDxjaL8fPxhw=="],

    "terser/commander": ["commander@2.20.3", "", {}, "sha512-GpVkmM8vF2vQUkj2LvZmD35JxeJOLCwJ9cUkugyk2nuhbv3+mJvpLYYt+0+USMxE+oj+ey/lJEnhZw75x/OMcQ=="],
  }
}
